<?xml version="1.0"?>
<!DOCTYPE CodeBlocks_project_file>
<CodeBlocks_project_file>
	<FileVersion major="1" minor="1"/>
	<Project>
		<Option title="bloodfrontier"/>
		<Option makefile="Makefile"/>
		<Option makefile_is_custom="0"/>
		<Option default_target="1"/>
		<Option active_target="1"/>
		<Option compiler="0"/>
		<Build>
			<Target title="data">
				<Option output="."/>
				<Option working_dir="."/>
				<Option object_output=".objs"/>
				<Option deps_output=".deps"/>
				<Option type="1"/>
				<Option compiler="0"/>
				<Option use_console_runner="0"/>
				<Option includeInTargetAll="0"/>
				<Option projectResourceIncludeDirsRelation="1"/>
			</Target>
			<Target title="client">
				<Option output="..\bin\bloodfrontier_client.exe"/>
				<Option working_dir="..\"/>
				<Option object_output=".objs\client"/>
				<Option deps_output=".deps\client"/>
				<Option type="1"/>
				<Option compiler="0"/>
				<Option use_console_runner="0"/>
				<Option parameters="-hhome -rbfa\init.cfg -du0 -df0 -dw640 -dh480 -sltest"/>
				<Option projectLinkerOptionsRelation="1"/>
				<Option projectIncludeDirsRelation="1"/>
				<Option projectResourceIncludeDirsRelation="1"/>
				<Option projectLibDirsRelation="1"/>
				<Compiler>
					<Add option="-fexpensive-optimizations"/>
					<Add option="-Os"/>
					<Add option="-O3"/>
					<Add option="-Wall"/>
					<Add option="-fsigned-char"/>
					<Add option="-fomit-frame-pointer"/>
					<Add option="-ffast-math"/>
					<Add option="-fno-strict-aliasing"/>
					<Add option="-DBFAGAME"/>
					<Add directory="shared"/>
					<Add directory="engine"/>
					<Add directory="fpsgame"/>
					<Add directory="enet\include"/>
					<Add directory="include"/>
				</Compiler>
				<Linker>
					<Add option="-s"/>
					<Add option="-mwindows"/>
					<Add library="mingw32"/>
					<Add library="SDLmain"/>
					<Add library="SDL"/>
					<Add library="SDL_image"/>
					<Add library="SDL_mixer"/>
					<Add library="lib\libpng.lib"/>
					<Add library="z"/>
					<Add library="opengl32"/>
					<Add library="glu32"/>
					<Add library="ws2_32"/>
					<Add library="winmm"/>
					<Add directory="lib\mingw"/>
				</Linker>
			</Target>
			<Target title="debug">
				<Option output="..\bin\bloodfrontier_client.exe"/>
				<Option working_dir="..\"/>
				<Option object_output=".objs\debug"/>
				<Option deps_output=".deps\debug"/>
				<Option type="1"/>
				<Option compiler="0"/>
				<Option use_console_runner="0"/>
				<Option parameters="-hhome -rbfa\init.cfg -du0 -df0 -dw640 -dh480 -sltest:1"/>
				<Option includeInTargetAll="0"/>
				<Option projectLinkerOptionsRelation="1"/>
				<Option projectIncludeDirsRelation="1"/>
				<Option projectResourceIncludeDirsRelation="1"/>
				<Option projectLibDirsRelation="1"/>
				<Compiler>
					<Add option="-Wall"/>
					<Add option="-g"/>
					<Add option="-fsigned-char"/>
					<Add option="-DBFAGAME"/>
					<Add directory="shared"/>
					<Add directory="engine"/>
					<Add directory="fpsgame"/>
					<Add directory="enet\include"/>
					<Add directory="include"/>
				</Compiler>
				<Linker>
					<Add option="-mwindows"/>
					<Add library="mingw32"/>
					<Add library="SDLmain"/>
					<Add library="SDL"/>
					<Add library="SDL_image"/>
					<Add library="SDL_mixer"/>
					<Add library="lib\libpng.lib"/>
					<Add library="z"/>
					<Add library="opengl32"/>
					<Add library="glu32"/>
					<Add library="ws2_32"/>
					<Add library="winmm"/>
					<Add directory="lib\mingw"/>
				</Linker>
			</Target>
			<Target title="server">
				<Option output="..\bin\bloodfrontier_server.exe"/>
				<Option working_dir="..\"/>
				<Option object_output=".objs\server"/>
				<Option deps_output=".deps\server"/>
				<Option type="1"/>
				<Option compiler="0"/>
				<Option use_console_runner="0"/>
				<Option projectLinkerOptionsRelation="1"/>
				<Option projectIncludeDirsRelation="1"/>
				<Option projectResourceIncludeDirsRelation="1"/>
				<Option projectLibDirsRelation="1"/>
				<Compiler>
					<Add option="-fexpensive-optimizations"/>
					<Add option="-Os"/>
					<Add option="-O3"/>
					<Add option="-Wall"/>
					<Add option="-DSTANDALONE"/>
					<Add directory="shared"/>
					<Add directory="engine"/>
					<Add directory="fpsgame"/>
					<Add directory="enet\include"/>
					<Add directory="include"/>
				</Compiler>
				<Linker>
					<Add option="-s"/>
					<Add library="ws2_32"/>
					<Add library="winmm"/>
					<Add library="z"/>
					<Add directory="lib\mingw"/>
				</Linker>
			</Target>
			<Target title="daemon">
				<Option output="..\bin\bloodfrontier_daemon.exe"/>
				<Option working_dir="..\"/>
				<Option object_output=".objs\daemon"/>
				<Option deps_output=".deps"/>
				<Option type="1"/>
				<Option compiler="0"/>
				<Option projectLinkerOptionsRelation="1"/>
				<Option projectIncludeDirsRelation="1"/>
				<Option projectResourceIncludeDirsRelation="1"/>
				<Option projectLibDirsRelation="1"/>
				<Compiler>
					<Add option="-fexpensive-optimizations"/>
					<Add option="-Os"/>
					<Add option="-O3"/>
					<Add option="-Wall"/>
					<Add option="-DSTANDALONE"/>
					<Add option="-DMASTERSERVER"/>
					<Add directory="shared"/>
					<Add directory="engine"/>
					<Add directory="include"/>
					<Add directory="enet\include"/>
					<Add directory="daemon"/>
					<Add directory="fpsgame"/>
				</Compiler>
				<Linker>
					<Add option="-s"/>
					<Add library="ws2_32"/>
					<Add library="winmm"/>
					<Add library="z"/>
					<Add directory="lib\mingw"/>
				</Linker>
			</Target>
			<Target title="ttf2font">
				<Option output="..\bin\ttf2font.exe"/>
				<Option working_dir="..\"/>
				<Option object_output=".objs\ttf2font"/>
				<Option deps_output=".deps\ttf2font"/>
				<Option type="0"/>
				<Option compiler="0"/>
				<Option parameters="-hhome -fdvscb.ttf"/>
				<Option projectResourceIncludeDirsRelation="0"/>
				<Compiler>
					<Add option="-fexpensive-optimizations"/>
					<Add option="-Os"/>
					<Add option="-O3"/>
					<Add option="-Wall"/>
					<Add option="-DTTF2FONT"/>
					<Add directory="shared"/>
					<Add directory="include"/>
				</Compiler>
				<Linker>
					<Add option="-s"/>
					<Add library="SDLmain"/>
					<Add library="SDL"/>
					<Add library="SDL_image"/>
					<Add library="lib\SDL_ttf.lib"/>
					<Add library="lib\libpng.lib"/>
					<Add library="z"/>
					<Add directory="lib\mingw"/>
				</Linker>
			</Target>
		</Build>
		<Unit filename="bloodfrontier.rc">
			<Option compilerVar="WINDRES"/>
			<Option objectName="bloodfrontier.res"/>
			<Option target="client"/>
			<Option target="debug"/>
			<Option target="server"/>
			<Option target="daemon"/>
		</Unit>
		<Unit filename="enet\callbacks.c">
			<Option compilerVar="CC"/>
			<Option target="client"/>
			<Option target="debug"/>
			<Option target="server"/>
			<Option target="data"/>
			<Option target="daemon"/>
		</Unit>
		<Unit filename="enet\host.c">
			<Option compilerVar="CC"/>
			<Option target="client"/>
			<Option target="debug"/>
			<Option target="server"/>
			<Option target="data"/>
			<Option target="daemon"/>
		</Unit>
		<Unit filename="enet\include\enet\callbacks.h">
			<Option compilerVar=""/>
			<Option compile="0"/>
			<Option link="0"/>
			<Option target="client"/>
			<Option target="debug"/>
		</Unit>
		<Unit filename="enet\include\enet\enet.h">
			<Option compilerVar="CPP"/>
			<Option compile="0"/>
			<Option link="0"/>
			<Option target="data"/>
			<Option target="client"/>
			<Option target="debug"/>
		</Unit>
		<Unit filename="enet\include\enet\list.h">
			<Option compilerVar="CPP"/>
			<Option compile="0"/>
			<Option link="0"/>
			<Option target="data"/>
			<Option target="client"/>
			<Option target="debug"/>
		</Unit>
		<Unit filename="enet\include\enet\protocol.h">
			<Option compilerVar="CPP"/>
			<Option compile="0"/>
			<Option link="0"/>
			<Option target="data"/>
			<Option target="client"/>
			<Option target="debug"/>
		</Unit>
		<Unit filename="enet\include\enet\time.h">
			<Option compilerVar="CPP"/>
			<Option compile="0"/>
			<Option link="0"/>
			<Option target="data"/>
			<Option target="client"/>
			<Option target="debug"/>
		</Unit>
		<Unit filename="enet\include\enet\types.h">
			<Option compilerVar="CPP"/>
			<Option compile="0"/>
			<Option link="0"/>
			<Option target="data"/>
			<Option target="client"/>
			<Option target="debug"/>
		</Unit>
		<Unit filename="enet\include\enet\unix.h">
			<Option compilerVar="CPP"/>
			<Option compile="0"/>
			<Option link="0"/>
			<Option target="data"/>
			<Option target="client"/>
			<Option target="debug"/>
		</Unit>
		<Unit filename="enet\include\enet\utility.h">
			<Option compilerVar="CPP"/>
			<Option compile="0"/>
			<Option link="0"/>
			<Option target="data"/>
			<Option target="client"/>
			<Option target="debug"/>
		</Unit>
		<Unit filename="enet\include\enet\win32.h">
			<Option compilerVar="CPP"/>
			<Option compile="0"/>
			<Option link="0"/>
			<Option target="data"/>
			<Option target="client"/>
			<Option target="debug"/>
		</Unit>
		<Unit filename="enet\list.c">
			<Option compilerVar="CC"/>
			<Option target="client"/>
			<Option target="debug"/>
			<Option target="server"/>
			<Option target="data"/>
			<Option target="daemon"/>
		</Unit>
		<Unit filename="enet\packet.c">
			<Option compilerVar="CC"/>
			<Option target="client"/>
			<Option target="debug"/>
			<Option target="server"/>
			<Option target="data"/>
			<Option target="daemon"/>
		</Unit>
		<Unit filename="enet\peer.c">
			<Option compilerVar="CC"/>
			<Option target="client"/>
			<Option target="debug"/>
			<Option target="server"/>
			<Option target="data"/>
			<Option target="daemon"/>
		</Unit>
		<Unit filename="enet\protocol.c">
			<Option compilerVar="CC"/>
			<Option target="client"/>
			<Option target="debug"/>
			<Option target="server"/>
			<Option target="data"/>
			<Option target="daemon"/>
		</Unit>
		<Unit filename="enet\unix.c">
			<Option compilerVar="CC"/>
			<Option target="client"/>
			<Option target="debug"/>
			<Option target="server"/>
			<Option target="data"/>
			<Option target="daemon"/>
		</Unit>
		<Unit filename="enet\win32.c">
			<Option compilerVar="CC"/>
			<Option target="client"/>
			<Option target="debug"/>
			<Option target="server"/>
			<Option target="data"/>
			<Option target="daemon"/>
		</Unit>
		<Unit filename="engine\3dgui.cpp">
			<Option compilerVar="CPP"/>
			<Option target="client"/>
			<Option target="debug"/>
			<Option target="data"/>
		</Unit>
		<Unit filename="engine\animmodel.h">
			<Option compilerVar=""/>
			<Option compile="0"/>
			<Option link="0"/>
			<Option target="client"/>
			<Option target="debug"/>
		</Unit>
		<Unit filename="engine\bih.cpp">
			<Option compilerVar="CPP"/>
			<Option target="client"/>
			<Option target="debug"/>
			<Option target="data"/>
		</Unit>
		<Unit filename="engine\bih.h">
			<Option compilerVar="CPP"/>
			<Option compile="0"/>
			<Option link="0"/>
			<Option target="data"/>
			<Option target="client"/>
			<Option target="debug"/>
		</Unit>
		<Unit filename="engine\client.cpp">
			<Option compilerVar="CPP"/>
			<Option target="client"/>
			<Option target="debug"/>
			<Option target="data"/>
		</Unit>
		<Unit filename="engine\command.cpp">
			<Option compilerVar="CPP"/>
			<Option target="client"/>
			<Option target="debug"/>
			<Option target="server"/>
			<Option target="daemon"/>
		</Unit>
		<Unit filename="engine\console.cpp">
			<Option compilerVar="CPP"/>
			<Option target="client"/>
			<Option target="debug"/>
			<Option target="data"/>
		</Unit>
		<Unit filename="engine\decal.cpp">
			<Option compilerVar="CPP"/>
			<Option target="client"/>
			<Option target="debug"/>
		</Unit>
		<Unit filename="engine\dynlight.cpp">
			<Option compilerVar="CPP"/>
			<Option target="client"/>
			<Option target="debug"/>
		</Unit>
		<Unit filename="engine\engine.h">
			<Option compilerVar="CPP"/>
			<Option compile="0"/>
			<Option link="0"/>
			<Option target="data"/>
			<Option target="client"/>
			<Option target="debug"/>
		</Unit>
		<Unit filename="engine\explosion.h">
			<Option compilerVar=""/>
			<Option compile="0"/>
			<Option link="0"/>
			<Option target="client"/>
			<Option target="debug"/>
		</Unit>
		<Unit filename="engine\glare.cpp">
			<Option compilerVar="CPP"/>
			<Option target="client"/>
			<Option target="debug"/>
		</Unit>
		<Unit filename="engine\grass.cpp">
			<Option compilerVar="CPP"/>
			<Option target="client"/>
			<Option target="debug"/>
			<Option target="data"/>
		</Unit>
		<Unit filename="engine\hash.h">
			<Option compilerVar="CPP"/>
			<Option compile="0"/>
			<Option link="0"/>
			<Option target="data"/>
			<Option target="client"/>
			<Option target="debug"/>
		</Unit>
		<Unit filename="engine\lensflare.h">
			<Option compilerVar=""/>
			<Option compile="0"/>
			<Option link="0"/>
			<Option target="client"/>
			<Option target="debug"/>
		</Unit>
		<Unit filename="engine\lightmap.cpp">
			<Option compilerVar="CPP"/>
			<Option target="client"/>
			<Option target="debug"/>
			<Option target="data"/>
		</Unit>
		<Unit filename="engine\lightmap.h">
			<Option compilerVar="CPP"/>
			<Option compile="0"/>
			<Option link="0"/>
			<Option target="data"/>
			<Option target="client"/>
			<Option target="debug"/>
		</Unit>
		<Unit filename="engine\lightning.h">
			<Option compilerVar=""/>
			<Option compile="0"/>
			<Option link="0"/>
			<Option target="client"/>
			<Option target="debug"/>
		</Unit>
		<Unit filename="engine\main.cpp">
			<Option compilerVar="CPP"/>
			<Option target="client"/>
			<Option target="debug"/>
			<Option target="data"/>
		</Unit>
		<Unit filename="engine\master.cpp">
			<Option compilerVar="CPP"/>
			<Option target="daemon"/>
		</Unit>
		<Unit filename="engine\master.h">
			<Option compilerVar=""/>
			<Option compile="0"/>
			<Option link="0"/>
			<Option target="daemon"/>
		</Unit>
		<Unit filename="engine\material.cpp">
			<Option compilerVar="CPP"/>
			<Option target="client"/>
			<Option target="debug"/>
			<Option target="data"/>
		</Unit>
		<Unit filename="engine\md2.h">
			<Option compilerVar="CPP"/>
			<Option compile="0"/>
			<Option link="0"/>
			<Option target="data"/>
			<Option target="client"/>
			<Option target="debug"/>
		</Unit>
		<Unit filename="engine\md3.h">
			<Option compilerVar="CPP"/>
			<Option compile="0"/>
			<Option link="0"/>
			<Option target="data"/>
			<Option target="client"/>
			<Option target="debug"/>
		</Unit>
		<Unit filename="engine\md5.h">
			<Option compilerVar=""/>
			<Option compile="0"/>
			<Option link="0"/>
			<Option target="client"/>
			<Option target="debug"/>
		</Unit>
		<Unit filename="engine\menus.cpp">
			<Option compilerVar="CPP"/>
			<Option target="client"/>
			<Option target="debug"/>
			<Option target="data"/>
		</Unit>
		<Unit filename="engine\model.h">
			<Option compilerVar="CPP"/>
			<Option compile="0"/>
			<Option link="0"/>
			<Option target="data"/>
			<Option target="client"/>
			<Option target="debug"/>
		</Unit>
		<Unit filename="engine\normal.cpp">
			<Option compilerVar="CPP"/>
			<Option target="client"/>
			<Option target="debug"/>
			<Option target="data"/>
		</Unit>
		<Unit filename="engine\octa.cpp">
			<Option compilerVar="CPP"/>
			<Option target="client"/>
			<Option target="debug"/>
			<Option target="data"/>
		</Unit>
		<Unit filename="engine\octa.h">
			<Option compilerVar="CPP"/>
			<Option compile="0"/>
			<Option link="0"/>
			<Option target="data"/>
			<Option target="client"/>
			<Option target="debug"/>
		</Unit>
		<Unit filename="engine\octaedit.cpp">
			<Option compilerVar="CPP"/>
			<Option target="client"/>
			<Option target="debug"/>
			<Option target="data"/>
		</Unit>
		<Unit filename="engine\octarender.cpp">
			<Option compilerVar="CPP"/>
			<Option target="client"/>
			<Option target="debug"/>
			<Option target="data"/>
		</Unit>
		<Unit filename="engine\physics.cpp">
			<Option compilerVar="CPP"/>
			<Option target="client"/>
			<Option target="debug"/>
			<Option target="data"/>
		</Unit>
		<Unit filename="engine\pvs.cpp">
			<Option compilerVar="CPP"/>
			<Option target="client"/>
			<Option target="debug"/>
		</Unit>
		<Unit filename="engine\rendergl.cpp">
			<Option compilerVar="CPP"/>
			<Option target="client"/>
			<Option target="debug"/>
			<Option target="data"/>
		</Unit>
		<Unit filename="engine\rendermodel.cpp">
			<Option compilerVar="CPP"/>
			<Option target="client"/>
			<Option target="debug"/>
			<Option target="data"/>
		</Unit>
		<Unit filename="engine\renderparticles.cpp">
			<Option compilerVar="CPP"/>
			<Option target="client"/>
			<Option target="debug"/>
			<Option target="data"/>
		</Unit>
		<Unit filename="engine\rendersky.cpp">
			<Option compilerVar="CPP"/>
			<Option target="client"/>
			<Option target="debug"/>
			<Option target="data"/>
		</Unit>
		<Unit filename="engine\rendertarget.h">
			<Option compilerVar=""/>
			<Option compile="0"/>
			<Option link="0"/>
			<Option target="client"/>
			<Option target="debug"/>
		</Unit>
		<Unit filename="engine\rendertext.cpp">
			<Option compilerVar="CPP"/>
			<Option target="client"/>
			<Option target="debug"/>
			<Option target="data"/>
		</Unit>
		<Unit filename="engine\renderva.cpp">
			<Option compilerVar="CPP"/>
			<Option target="client"/>
			<Option target="debug"/>
			<Option target="data"/>
		</Unit>
		<Unit filename="engine\server.cpp">
			<Option compilerVar="CPP"/>
			<Option target="data"/>
			<Option target="client"/>
			<Option target="debug"/>
			<Option target="server"/>
			<Option target="daemon"/>
		</Unit>
		<Unit filename="engine\serverbrowser.cpp">
			<Option compilerVar="CPP"/>
			<Option target="client"/>
			<Option target="debug"/>
			<Option target="data"/>
		</Unit>
		<Unit filename="engine\shader.cpp">
			<Option compilerVar="CPP"/>
			<Option target="client"/>
			<Option target="debug"/>
			<Option target="data"/>
		</Unit>
		<Unit filename="engine\shadowmap.cpp">
			<Option compilerVar="CPP"/>
			<Option target="client"/>
			<Option target="debug"/>
		</Unit>
		<Unit filename="engine\skelmodel.h">
			<Option compilerVar=""/>
			<Option compile="0"/>
			<Option link="0"/>
			<Option target="client"/>
			<Option target="debug"/>
		</Unit>
		<Unit filename="engine\sound.cpp">
			<Option compilerVar="CPP"/>
			<Option target="client"/>
			<Option target="debug"/>
			<Option target="data"/>
		</Unit>
		<Unit filename="engine\sound.h">
			<Option compilerVar=""/>
			<Option compile="0"/>
			<Option link="0"/>
			<Option target="client"/>
			<Option target="debug"/>
		</Unit>
		<Unit filename="engine\textedit.h">
			<Option compilerVar=""/>
			<Option compile="0"/>
			<Option link="0"/>
			<Option target="client"/>
			<Option target="debug"/>
		</Unit>
		<Unit filename="engine\texture.cpp">
			<Option compilerVar="CPP"/>
			<Option target="client"/>
			<Option target="debug"/>
			<Option target="data"/>
		</Unit>
		<Unit filename="engine\texture.h">
			<Option compilerVar="CPP"/>
			<Option compile="0"/>
			<Option link="0"/>
			<Option target="data"/>
			<Option target="client"/>
			<Option target="debug"/>
		</Unit>
		<Unit filename="engine\tristrip.h">
			<Option compilerVar="CPP"/>
			<Option compile="0"/>
			<Option link="0"/>
			<Option target="data"/>
			<Option target="client"/>
			<Option target="debug"/>
		</Unit>
		<Unit filename="engine\vertmodel.h">
			<Option compilerVar="CPP"/>
			<Option compile="0"/>
			<Option link="0"/>
			<Option target="data"/>
			<Option target="client"/>
			<Option target="debug"/>
		</Unit>
		<Unit filename="engine\water.cpp">
			<Option compilerVar="CPP"/>
			<Option target="client"/>
			<Option target="debug"/>
			<Option target="data"/>
		</Unit>
		<Unit filename="engine\world.cpp">
			<Option compilerVar="CPP"/>
			<Option target="client"/>
			<Option target="debug"/>
			<Option target="data"/>
		</Unit>
		<Unit filename="engine\world.h">
			<Option compilerVar="CPP"/>
			<Option compile="0"/>
			<Option link="0"/>
			<Option target="data"/>
			<Option target="client"/>
			<Option target="debug"/>
		</Unit>
		<Unit filename="engine\worldio.cpp">
			<Option compilerVar="CPP"/>
			<Option target="client"/>
			<Option target="debug"/>
			<Option target="data"/>
		</Unit>
		<Unit filename="fpsgame\bfa.h">
			<Option compilerVar=""/>
			<Option compile="0"/>
			<Option link="0"/>
			<Option target="client"/>
			<Option target="server"/>
			<Option target="daemon"/>
		</Unit>
		<Unit filename="fpsgame\bot.h">
			<Option compilerVar=""/>
			<Option compile="0"/>
			<Option link="0"/>
			<Option target="client"/>
			<Option target="debug"/>
		</Unit>
		<Unit filename="fpsgame\client.h">
			<Option compilerVar=""/>
			<Option compile="0"/>
			<Option link="0"/>
			<Option target="client"/>
			<Option target="debug"/>
			<Option target="server"/>
		</Unit>
		<Unit filename="fpsgame\ctf.h">
			<Option compilerVar=""/>
			<Option compile="0"/>
			<Option link="0"/>
			<Option target="client"/>
			<Option target="debug"/>
			<Option target="server"/>
		</Unit>
		<Unit filename="fpsgame\duel.h">
			<Option compilerVar=""/>
			<Option compile="0"/>
			<Option link="0"/>
			<Option target="client"/>
			<Option target="debug"/>
			<Option target="server"/>
		</Unit>
		<Unit filename="fpsgame\entities.h">
			<Option compilerVar=""/>
			<Option compile="0"/>
			<Option link="0"/>
			<Option target="client"/>
			<Option target="debug"/>
			<Option target="server"/>
		</Unit>
		<Unit filename="fpsgame\extinfo.h">
			<Option compilerVar=""/>
			<Option compile="0"/>
			<Option link="0"/>
			<Option target="client"/>
			<Option target="debug"/>
			<Option target="server"/>
			<Option target="daemon"/>
		</Unit>
		<Unit filename="fpsgame\fps.cpp">
			<Option compilerVar="CPP"/>
			<Option target="client"/>
			<Option target="debug"/>
			<Option target="server"/>
			<Option target="daemon"/>
		</Unit>
		<Unit filename="fpsgame\fpsrender.h">
			<Option compilerVar=""/>
			<Option compile="0"/>
			<Option link="0"/>
			<Option target="client"/>
			<Option target="debug"/>
			<Option target="server"/>
		</Unit>
		<Unit filename="fpsgame\fpsserver.h">
			<Option compilerVar=""/>
			<Option compile="0"/>
			<Option link="0"/>
			<Option target="client"/>
			<Option target="debug"/>
			<Option target="server"/>
		</Unit>
		<Unit filename="fpsgame\game.h">
			<Option compilerVar=""/>
			<Option compile="0"/>
			<Option link="0"/>
			<Option target="client"/>
			<Option target="debug"/>
			<Option target="server"/>
		</Unit>
		<Unit filename="fpsgame\physics.h">
			<Option compilerVar=""/>
			<Option compile="0"/>
			<Option link="0"/>
			<Option target="client"/>
			<Option target="debug"/>
			<Option target="server"/>
		</Unit>
		<Unit filename="fpsgame\projs.h">
			<Option compilerVar=""/>
			<Option compile="0"/>
			<Option link="0"/>
			<Option target="client"/>
			<Option target="debug"/>
			<Option target="server"/>
		</Unit>
		<Unit filename="fpsgame\scoreboard.h">
			<Option compilerVar=""/>
			<Option compile="0"/>
			<Option link="0"/>
			<Option target="client"/>
			<Option target="debug"/>
			<Option target="server"/>
		</Unit>
		<Unit filename="fpsgame\stf.h">
			<Option compilerVar=""/>
			<Option compile="0"/>
			<Option link="0"/>
			<Option target="client"/>
			<Option target="debug"/>
			<Option target="server"/>
			<Option target="daemon"/>
		</Unit>
		<Unit filename="fpsgame\weapon.h">
			<Option compilerVar=""/>
			<Option compile="0"/>
			<Option link="0"/>
			<Option target="client"/>
			<Option target="debug"/>
			<Option target="server"/>
		</Unit>
		<Unit filename="include\GL\glext.h">
			<Option compilerVar=""/>
			<Option compile="0"/>
			<Option link="0"/>
			<Option target="client"/>
			<Option target="debug"/>
		</Unit>
		<Unit filename="include\SDL.h">
			<Option compilerVar=""/>
			<Option compile="0"/>
			<Option link="0"/>
			<Option target="client"/>
			<Option target="debug"/>
		</Unit>
		<Unit filename="include\SDL_active.h">
			<Option compilerVar=""/>
			<Option compile="0"/>
			<Option link="0"/>
			<Option target="client"/>
			<Option target="debug"/>
		</Unit>
		<Unit filename="include\SDL_audio.h">
			<Option compilerVar=""/>
			<Option compile="0"/>
			<Option link="0"/>
			<Option target="client"/>
			<Option target="debug"/>
		</Unit>
		<Unit filename="include\SDL_byteorder.h">
			<Option compilerVar=""/>
			<Option compile="0"/>
			<Option link="0"/>
			<Option target="client"/>
			<Option target="debug"/>
		</Unit>
		<Unit filename="include\SDL_cdrom.h">
			<Option compilerVar=""/>
			<Option compile="0"/>
			<Option link="0"/>
			<Option target="client"/>
			<Option target="debug"/>
		</Unit>
		<Unit filename="include\SDL_config.h">
			<Option compilerVar=""/>
			<Option compile="0"/>
			<Option link="0"/>
			<Option target="client"/>
			<Option target="debug"/>
		</Unit>
		<Unit filename="include\SDL_config_macosx.h">
			<Option compilerVar=""/>
			<Option compile="0"/>
			<Option link="0"/>
			<Option target="client"/>
			<Option target="debug"/>
		</Unit>
		<Unit filename="include\SDL_config_win32.h">
			<Option compilerVar=""/>
			<Option compile="0"/>
			<Option link="0"/>
			<Option target="client"/>
			<Option target="debug"/>
		</Unit>
		<Unit filename="include\SDL_copying.h">
			<Option compilerVar=""/>
			<Option compile="0"/>
			<Option link="0"/>
			<Option target="client"/>
			<Option target="debug"/>
		</Unit>
		<Unit filename="include\SDL_cpuinfo.h">
			<Option compilerVar=""/>
			<Option compile="0"/>
			<Option link="0"/>
			<Option target="client"/>
			<Option target="debug"/>
		</Unit>
		<Unit filename="include\SDL_endian.h">
			<Option compilerVar=""/>
			<Option compile="0"/>
			<Option link="0"/>
			<Option target="client"/>
			<Option target="debug"/>
		</Unit>
		<Unit filename="include\SDL_error.h">
			<Option compilerVar=""/>
			<Option compile="0"/>
			<Option link="0"/>
			<Option target="client"/>
			<Option target="debug"/>
		</Unit>
		<Unit filename="include\SDL_events.h">
			<Option compilerVar=""/>
			<Option compile="0"/>
			<Option link="0"/>
			<Option target="client"/>
			<Option target="debug"/>
		</Unit>
		<Unit filename="include\SDL_getenv.h">
			<Option compilerVar=""/>
			<Option compile="0"/>
			<Option link="0"/>
			<Option target="client"/>
			<Option target="debug"/>
		</Unit>
		<Unit filename="include\SDL_image.h">
			<Option compilerVar=""/>
			<Option compile="0"/>
			<Option link="0"/>
			<Option target="client"/>
			<Option target="debug"/>
		</Unit>
		<Unit filename="include\SDL_joystick.h">
			<Option compilerVar=""/>
			<Option compile="0"/>
			<Option link="0"/>
			<Option target="client"/>
			<Option target="debug"/>
		</Unit>
		<Unit filename="include\SDL_keyboard.h">
			<Option compilerVar=""/>
			<Option compile="0"/>
			<Option link="0"/>
			<Option target="client"/>
			<Option target="debug"/>
		</Unit>
		<Unit filename="include\SDL_keysym.h">
			<Option compilerVar=""/>
			<Option compile="0"/>
			<Option link="0"/>
			<Option target="client"/>
			<Option target="debug"/>
		</Unit>
		<Unit filename="include\SDL_loadso.h">
			<Option compilerVar=""/>
			<Option compile="0"/>
			<Option link="0"/>
			<Option target="client"/>
			<Option target="debug"/>
		</Unit>
		<Unit filename="include\SDL_main.h">
			<Option compilerVar=""/>
			<Option compile="0"/>
			<Option link="0"/>
			<Option target="client"/>
			<Option target="debug"/>
		</Unit>
		<Unit filename="include\SDL_mixer.h">
			<Option compilerVar=""/>
			<Option compile="0"/>
			<Option link="0"/>
			<Option target="client"/>
			<Option target="debug"/>
		</Unit>
		<Unit filename="include\SDL_mouse.h">
			<Option compilerVar=""/>
			<Option compile="0"/>
			<Option link="0"/>
			<Option target="client"/>
			<Option target="debug"/>
		</Unit>
		<Unit filename="include\SDL_mutex.h">
			<Option compilerVar=""/>
			<Option compile="0"/>
			<Option link="0"/>
			<Option target="client"/>
			<Option target="debug"/>
		</Unit>
		<Unit filename="include\SDL_name.h">
			<Option compilerVar=""/>
			<Option compile="0"/>
			<Option link="0"/>
			<Option target="client"/>
			<Option target="debug"/>
		</Unit>
		<Unit filename="include\SDL_opengl.h">
			<Option compilerVar=""/>
			<Option compile="0"/>
			<Option link="0"/>
			<Option target="client"/>
			<Option target="debug"/>
		</Unit>
		<Unit filename="include\SDL_platform.h">
			<Option compilerVar=""/>
			<Option compile="0"/>
			<Option link="0"/>
			<Option target="client"/>
			<Option target="debug"/>
		</Unit>
		<Unit filename="include\SDL_quit.h">
			<Option compilerVar=""/>
			<Option compile="0"/>
			<Option link="0"/>
			<Option target="client"/>
			<Option target="debug"/>
		</Unit>
		<Unit filename="include\SDL_rwops.h">
			<Option compilerVar=""/>
			<Option compile="0"/>
			<Option link="0"/>
			<Option target="client"/>
			<Option target="debug"/>
		</Unit>
		<Unit filename="include\SDL_stdinc.h">
			<Option compilerVar=""/>
			<Option compile="0"/>
			<Option link="0"/>
			<Option target="client"/>
			<Option target="debug"/>
		</Unit>
		<Unit filename="include\SDL_syswm.h">
			<Option compilerVar=""/>
			<Option compile="0"/>
			<Option link="0"/>
			<Option target="client"/>
			<Option target="debug"/>
		</Unit>
		<Unit filename="include\SDL_thread.h">
			<Option compilerVar=""/>
			<Option compile="0"/>
			<Option link="0"/>
			<Option target="client"/>
			<Option target="debug"/>
		</Unit>
		<Unit filename="include\SDL_timer.h">
			<Option compilerVar=""/>
			<Option compile="0"/>
			<Option link="0"/>
			<Option target="client"/>
			<Option target="debug"/>
		</Unit>
		<Unit filename="include\SDL_types.h">
			<Option compilerVar=""/>
			<Option compile="0"/>
			<Option link="0"/>
			<Option target="client"/>
			<Option target="debug"/>
		</Unit>
		<Unit filename="include\SDL_version.h">
			<Option compilerVar=""/>
			<Option compile="0"/>
			<Option link="0"/>
			<Option target="client"/>
			<Option target="debug"/>
		</Unit>
		<Unit filename="include\SDL_video.h">
			<Option compilerVar=""/>
			<Option compile="0"/>
			<Option link="0"/>
			<Option target="client"/>
			<Option target="debug"/>
		</Unit>
		<Unit filename="include\begin_code.h">
			<Option compilerVar=""/>
			<Option compile="0"/>
			<Option link="0"/>
			<Option target="client"/>
			<Option target="debug"/>
		</Unit>
		<Unit filename="include\close_code.h">
			<Option compilerVar=""/>
			<Option compile="0"/>
			<Option link="0"/>
			<Option target="client"/>
			<Option target="debug"/>
		</Unit>
		<Unit filename="include\wincompat.h">
			<Option compilerVar=""/>
			<Option compile="0"/>
			<Option link="0"/>
			<Option target="client"/>
			<Option target="debug"/>
		</Unit>
		<Unit filename="include\zconf.h">
			<Option compilerVar=""/>
			<Option compile="0"/>
			<Option link="0"/>
			<Option target="client"/>
			<Option target="debug"/>
		</Unit>
		<Unit filename="include\zlib.h">
			<Option compilerVar=""/>
			<Option compile="0"/>
			<Option link="0"/>
			<Option target="client"/>
			<Option target="debug"/>
		</Unit>
		<Unit filename="shared\attrs.h">
			<Option compilerVar=""/>
			<Option compile="0"/>
			<Option link="0"/>
			<Option target="client"/>
			<Option target="debug"/>
			<Option target="server"/>
		</Unit>
		<Unit filename="shared\command.h">
			<Option compilerVar="CPP"/>
			<Option compile="0"/>
			<Option link="0"/>
			<Option target="data"/>
			<Option target="client"/>
			<Option target="debug"/>
		</Unit>
		<Unit filename="shared\cube.h">
			<Option compilerVar="CPP"/>
			<Option compile="0"/>
			<Option link="0"/>
			<Option target="data"/>
			<Option target="client"/>
			<Option target="debug"/>
		</Unit>
		<Unit filename="shared\ents.h">
			<Option compilerVar="CPP"/>
			<Option compile="0"/>
			<Option link="0"/>
			<Option target="data"/>
			<Option target="client"/>
			<Option target="debug"/>
		</Unit>
		<Unit filename="shared\geom.cpp">
			<Option compilerVar="CPP"/>
			<Option target="client"/>
			<Option target="debug"/>
			<Option target="data"/>
		</Unit>
		<Unit filename="shared\geom.h">
			<Option compilerVar="CPP"/>
			<Option compile="0"/>
			<Option link="0"/>
			<Option target="data"/>
			<Option target="client"/>
			<Option target="debug"/>
		</Unit>
		<Unit filename="shared\iengine.h">
			<Option compilerVar="CPP"/>
			<Option compile="0"/>
			<Option link="0"/>
			<Option target="data"/>
			<Option target="client"/>
			<Option target="debug"/>
		</Unit>
		<Unit filename="shared\igame.h">
			<Option compilerVar="CPP"/>
			<Option compile="0"/>
			<Option link="0"/>
			<Option target="data"/>
			<Option target="client"/>
			<Option target="debug"/>
		</Unit>
		<Unit filename="shared\pch.cpp">
			<Option compilerVar="CPP"/>
			<Option target="client"/>
			<Option target="debug"/>
			<Option target="data"/>
		</Unit>
		<Unit filename="shared\pch.h">
			<Option compilerVar="CPP"/>
			<Option compile="0"/>
			<Option link="0"/>
			<Option target="data"/>
			<Option target="client"/>
			<Option target="debug"/>
		</Unit>
		<Unit filename="shared\tools.cpp">
			<Option compilerVar="CPP"/>
			<Option target="client"/>
			<Option target="debug"/>
			<Option target="server"/>
			<Option target="daemon"/>
			<Option target="ttf2font"/>
		</Unit>
		<Unit filename="shared\tools.h">
			<Option compilerVar="CPP"/>
			<Option compile="0"/>
			<Option link="0"/>
			<Option target="data"/>
			<Option target="client"/>
			<Option target="debug"/>
			<Option target="server"/>
			<Option target="daemon"/>
			<Option target="ttf2font"/>
		</Unit>
		<Unit filename="shared\ttf2font.cpp">
			<Option compilerVar="CPP"/>
			<Option target="ttf2font"/>
		</Unit>
		<Unit filename="ttf2font.rc">
			<Option compilerVar="WINDRES"/>
			<Option objectName="ttf2font.res"/>
			<Option target="ttf2font"/>
		</Unit>
	</Project>
</CodeBlocks_project_file>
