<?xml version="1.0"?>
<!DOCTYPE CodeBlocks_project_file>
<CodeBlocks_project_file>
	<FileVersion major="1" minor="1"/>
	<Project>
		<Option title="bloodfrontier"/>
		<Option makefile="Makefile"/>
		<Option makefile_is_custom="0"/>
		<Option active_target="1"/>
		<Option compiler="0"/>
		<Build>
			<Target title="data">
				<Option output="C:\Games\sauercvs\mod\src\bloodfrontier.exe"/>
				<Option working_dir="."/>
				<Option object_output=".objs"/>
				<Option deps_output=".deps"/>
				<Option type="0"/>
				<Option compiler="0"/>
				<Option includeInTargetAll="0"/>
				<Option projectResourceIncludeDirsRelation="0"/>
			</Target>
			<Target title="client">
				<Option output="..\bin\bloodfrontier_client.exe"/>
				<Option working_dir="..\"/>
				<Option object_output=".objs\client"/>
				<Option deps_output=".deps"/>
				<Option type="1"/>
				<Option compiler="0"/>
				<Option parameters="-kmod/"/>
				<Option projectLinkerOptionsRelation="1"/>
				<Option projectIncludeDirsRelation="1"/>
				<Option projectResourceIncludeDirsRelation="1"/>
				<Option projectLibDirsRelation="1"/>
				<Compiler>
					<Add option="-fexpensive-optimizations"/>
					<Add option="-O3"/>
					<Add option="-Wall"/>
					<Add option="-fsigned-char"/>
					<Add option="-fomit-frame-pointer"/>
					<Add directory="fpsgame"/>
					<Add directory="fpsgame\bot"/>
					<Add directory="fpsgame\mod"/>
					<Add directory="sspgame"/>
					<Add directory="engine"/>
					<Add directory="engine\mod"/>
					<Add directory="shared"/>
					<Add directory="enet\include"/>
					<Add directory="include"/>
				</Compiler>
				<Linker>
					<Add option="-s"/>
					<Add option="-mwindows"/>
					<Add library="stdc++"/>
					<Add library="mingw32"/>
					<Add library="SDLmain"/>
					<Add library="SDL"/>
					<Add library="SDL_image"/>
					<Add library="SDL_mixer"/>
					<Add library="fmod"/>
					<Add library="z"/>
					<Add library="opengl32"/>
					<Add library="glu32"/>
					<Add library="ws2_32"/>
					<Add library="winmm"/>
					<Add directory="lib\mingw"/>
				</Linker>
			</Target>
			<Target title="debug">
				<Option output="..\bin\bloodfrontier_debug.exe"/>
				<Option working_dir="..\"/>
				<Option object_output=".objs\debug"/>
				<Option deps_output=".deps"/>
				<Option type="1"/>
				<Option compiler="0"/>
				<Option parameters="-t -w1024 -h740 -kmod/"/>
				<Option includeInTargetAll="0"/>
				<Option projectLinkerOptionsRelation="1"/>
				<Option projectIncludeDirsRelation="1"/>
				<Option projectResourceIncludeDirsRelation="1"/>
				<Option projectLibDirsRelation="1"/>
				<Compiler>
					<Add option="-Wall"/>
					<Add option="-pg"/>
					<Add option="-fsigned-char"/>
					<Add directory="fpsgame"/>
					<Add directory="fpsgame\bot"/>
					<Add directory="fpsgame\mod"/>
					<Add directory="sspgame"/>
					<Add directory="engine"/>
					<Add directory="engine\mod"/>
					<Add directory="shared"/>
					<Add directory="enet\include"/>
					<Add directory="include"/>
				</Compiler>
				<Linker>
					<Add option="-pg -lgmon"/>
					<Add option="-mwindows"/>
					<Add library="stdc++"/>
					<Add library="mingw32"/>
					<Add library="SDLmain"/>
					<Add library="SDL"/>
					<Add library="SDL_image"/>
					<Add library="SDL_mixer"/>
					<Add library="fmod"/>
					<Add library="z"/>
					<Add library="opengl32"/>
					<Add library="glu32"/>
					<Add library="ws2_32"/>
					<Add library="winmm"/>
					<Add directory="lib\mingw"/>
				</Linker>
			</Target>
			<Target title="server">
				<Option output="..\bin\bloodfrontier_server.exe"/>
				<Option working_dir="..\"/>
				<Option object_output=".objs\server"/>
				<Option deps_output=".deps"/>
				<Option type="1"/>
				<Option compiler="0"/>
				<Option projectLinkerOptionsRelation="1"/>
				<Option projectIncludeDirsRelation="1"/>
				<Option projectResourceIncludeDirsRelation="1"/>
				<Option projectLibDirsRelation="1"/>
				<Compiler>
					<Add option="-O3"/>
					<Add option="-Wall"/>
					<Add option="-fsigned-char"/>
					<Add option="-fomit-frame-pointer"/>
					<Add option="-DSTANDALONE"/>
					<Add directory="fpsgame"/>
					<Add directory="fpsgame\bot"/>
					<Add directory="fpsgame\mod"/>
					<Add directory="sspgame"/>
					<Add directory="engine"/>
					<Add directory="engine\mod"/>
					<Add directory="shared"/>
					<Add directory="enet\include"/>
					<Add directory="include"/>
				</Compiler>
				<Linker>
					<Add option="-s"/>
					<Add library="ws2_32"/>
					<Add library="winmm"/>
					<Add library="z"/>
					<Add directory="lib\mingw"/>
				</Linker>
			</Target>
			<Target title="master">
				<Option output="..\bin\bloodfrontier_master.exe"/>
				<Option working_dir="..\bin"/>
				<Option object_output=".objs\master"/>
				<Option deps_output=".deps\master"/>
				<Option type="1"/>
				<Option compiler="0"/>
				<Option includeInTargetAll="0"/>
				<Option projectCompilerOptionsRelation="1"/>
				<Option projectLinkerOptionsRelation="1"/>
				<Option projectIncludeDirsRelation="1"/>
				<Option projectResourceIncludeDirsRelation="1"/>
				<Option projectLibDirsRelation="1"/>
				<Compiler>
					<Add option="-O3"/>
					<Add option="-Wall"/>
				</Compiler>
				<Linker>
					<Add option="-s"/>
				</Linker>
			</Target>
		</Build>
		<Unit filename="Makefile">
			<Option compilerVar="CPP"/>
			<Option compile="0"/>
			<Option link="0"/>
			<Option target="data"/>
		</Unit>
		<Unit filename="changes.txt">
			<Option compilerVar=""/>
			<Option compile="0"/>
			<Option link="0"/>
			<Option target="data"/>
		</Unit>
		<Unit filename="enet\callbacks.c">
			<Option compilerVar="CC"/>
			<Option target="client"/>
			<Option target="debug"/>
			<Option target="server"/>
			<Option target="data"/>
		</Unit>
		<Unit filename="enet\host.c">
			<Option compilerVar="CC"/>
			<Option target="client"/>
			<Option target="debug"/>
			<Option target="server"/>
			<Option target="data"/>
		</Unit>
		<Unit filename="enet\include\enet\enet.h">
			<Option compilerVar="CPP"/>
			<Option compile="0"/>
			<Option link="0"/>
			<Option target="data"/>
		</Unit>
		<Unit filename="enet\include\enet\list.h">
			<Option compilerVar="CPP"/>
			<Option compile="0"/>
			<Option link="0"/>
			<Option target="data"/>
		</Unit>
		<Unit filename="enet\include\enet\protocol.h">
			<Option compilerVar="CPP"/>
			<Option compile="0"/>
			<Option link="0"/>
			<Option target="data"/>
		</Unit>
		<Unit filename="enet\include\enet\time.h">
			<Option compilerVar="CPP"/>
			<Option compile="0"/>
			<Option link="0"/>
			<Option target="data"/>
		</Unit>
		<Unit filename="enet\include\enet\types.h">
			<Option compilerVar="CPP"/>
			<Option compile="0"/>
			<Option link="0"/>
			<Option target="data"/>
		</Unit>
		<Unit filename="enet\include\enet\unix.h">
			<Option compilerVar="CPP"/>
			<Option compile="0"/>
			<Option link="0"/>
			<Option target="data"/>
		</Unit>
		<Unit filename="enet\include\enet\utility.h">
			<Option compilerVar="CPP"/>
			<Option compile="0"/>
			<Option link="0"/>
			<Option target="data"/>
		</Unit>
		<Unit filename="enet\include\enet\win32.h">
			<Option compilerVar="CPP"/>
			<Option compile="0"/>
			<Option link="0"/>
			<Option target="data"/>
		</Unit>
		<Unit filename="enet\list.c">
			<Option compilerVar="CC"/>
			<Option target="client"/>
			<Option target="debug"/>
			<Option target="server"/>
			<Option target="data"/>
		</Unit>
		<Unit filename="enet\packet.c">
			<Option compilerVar="CC"/>
			<Option target="client"/>
			<Option target="debug"/>
			<Option target="server"/>
			<Option target="data"/>
		</Unit>
		<Unit filename="enet\peer.c">
			<Option compilerVar="CC"/>
			<Option target="client"/>
			<Option target="debug"/>
			<Option target="server"/>
			<Option target="data"/>
		</Unit>
		<Unit filename="enet\protocol.c">
			<Option compilerVar="CC"/>
			<Option target="client"/>
			<Option target="debug"/>
			<Option target="server"/>
			<Option target="data"/>
		</Unit>
		<Unit filename="enet\unix.c">
			<Option compilerVar="CC"/>
			<Option target="client"/>
			<Option target="debug"/>
			<Option target="server"/>
			<Option target="data"/>
		</Unit>
		<Unit filename="enet\win32.c">
			<Option compilerVar="CC"/>
			<Option target="client"/>
			<Option target="debug"/>
			<Option target="server"/>
			<Option target="data"/>
		</Unit>
		<Unit filename="engine\3dgui.cpp">
			<Option compilerVar="CPP"/>
			<Option target="client"/>
			<Option target="debug"/>
			<Option target="data"/>
		</Unit>
		<Unit filename="engine\bih.cpp">
			<Option compilerVar="CPP"/>
			<Option target="client"/>
			<Option target="debug"/>
			<Option target="data"/>
		</Unit>
		<Unit filename="engine\bih.h">
			<Option compilerVar="CPP"/>
			<Option compile="0"/>
			<Option link="0"/>
			<Option target="data"/>
		</Unit>
		<Unit filename="engine\client.cpp">
			<Option compilerVar="CPP"/>
			<Option target="client"/>
			<Option target="debug"/>
			<Option target="data"/>
		</Unit>
		<Unit filename="engine\command.cpp">
			<Option compilerVar="CPP"/>
			<Option target="client"/>
			<Option target="debug"/>
			<Option target="server"/>
			<Option target="data"/>
		</Unit>
		<Unit filename="engine\console.cpp">
			<Option compilerVar="CPP"/>
			<Option target="client"/>
			<Option target="debug"/>
			<Option target="data"/>
		</Unit>
		<Unit filename="engine\cubeloader.cpp">
			<Option compilerVar="CPP"/>
			<Option target="client"/>
			<Option target="debug"/>
			<Option target="data"/>
		</Unit>
		<Unit filename="engine\engine.h">
			<Option compilerVar="CPP"/>
			<Option compile="0"/>
			<Option link="0"/>
			<Option target="data"/>
		</Unit>
		<Unit filename="engine\grass.cpp">
			<Option compilerVar="CPP"/>
			<Option target="client"/>
			<Option target="debug"/>
			<Option target="data"/>
		</Unit>
		<Unit filename="engine\hash.h">
			<Option compilerVar="CPP"/>
			<Option compile="0"/>
			<Option link="0"/>
			<Option target="data"/>
		</Unit>
		<Unit filename="engine\joystick.cpp">
			<Option compilerVar="CPP"/>
			<Option target="client"/>
			<Option target="debug"/>
		</Unit>
		<Unit filename="engine\lightmap.cpp">
			<Option compilerVar="CPP"/>
			<Option target="client"/>
			<Option target="debug"/>
			<Option target="data"/>
		</Unit>
		<Unit filename="engine\lightmap.h">
			<Option compilerVar="CPP"/>
			<Option compile="0"/>
			<Option link="0"/>
			<Option target="data"/>
		</Unit>
		<Unit filename="engine\main.cpp">
			<Option compilerVar="CPP"/>
			<Option target="client"/>
			<Option target="debug"/>
			<Option target="data"/>
		</Unit>
		<Unit filename="engine\material.cpp">
			<Option compilerVar="CPP"/>
			<Option target="client"/>
			<Option target="debug"/>
			<Option target="data"/>
		</Unit>
		<Unit filename="engine\md2.h">
			<Option compilerVar="CPP"/>
			<Option compile="0"/>
			<Option link="0"/>
			<Option target="data"/>
		</Unit>
		<Unit filename="engine\md3.h">
			<Option compilerVar="CPP"/>
			<Option compile="0"/>
			<Option link="0"/>
			<Option target="data"/>
		</Unit>
		<Unit filename="engine\menus.cpp">
			<Option compilerVar="CPP"/>
			<Option target="client"/>
			<Option target="debug"/>
			<Option target="data"/>
		</Unit>
		<Unit filename="engine\model.h">
			<Option compilerVar="CPP"/>
			<Option compile="0"/>
			<Option link="0"/>
			<Option target="data"/>
		</Unit>
		<Unit filename="engine\normal.cpp">
			<Option compilerVar="CPP"/>
			<Option target="client"/>
			<Option target="debug"/>
			<Option target="data"/>
		</Unit>
		<Unit filename="engine\octa.cpp">
			<Option compilerVar="CPP"/>
			<Option target="client"/>
			<Option target="debug"/>
			<Option target="data"/>
		</Unit>
		<Unit filename="engine\octa.h">
			<Option compilerVar="CPP"/>
			<Option compile="0"/>
			<Option link="0"/>
			<Option target="data"/>
		</Unit>
		<Unit filename="engine\octaedit.cpp">
			<Option compilerVar="CPP"/>
			<Option target="client"/>
			<Option target="debug"/>
			<Option target="data"/>
		</Unit>
		<Unit filename="engine\octarender.cpp">
			<Option compilerVar="CPP"/>
			<Option target="client"/>
			<Option target="debug"/>
			<Option target="data"/>
		</Unit>
		<Unit filename="engine\physics.cpp">
			<Option compilerVar="CPP"/>
			<Option target="client"/>
			<Option target="debug"/>
			<Option target="data"/>
		</Unit>
		<Unit filename="engine\rendergl.cpp">
			<Option compilerVar="CPP"/>
			<Option target="client"/>
			<Option target="debug"/>
			<Option target="data"/>
		</Unit>
		<Unit filename="engine\rendermodel.cpp">
			<Option compilerVar="CPP"/>
			<Option target="client"/>
			<Option target="debug"/>
			<Option target="data"/>
		</Unit>
		<Unit filename="engine\renderparticles.cpp">
			<Option compilerVar="CPP"/>
			<Option target="client"/>
			<Option target="debug"/>
			<Option target="data"/>
		</Unit>
		<Unit filename="engine\rendersky.cpp">
			<Option compilerVar="CPP"/>
			<Option target="client"/>
			<Option target="debug"/>
			<Option target="data"/>
		</Unit>
		<Unit filename="engine\rendertext.cpp">
			<Option compilerVar="CPP"/>
			<Option target="client"/>
			<Option target="debug"/>
			<Option target="data"/>
		</Unit>
		<Unit filename="engine\renderva.cpp">
			<Option compilerVar="CPP"/>
			<Option target="client"/>
			<Option target="debug"/>
			<Option target="data"/>
		</Unit>
		<Unit filename="engine\server.cpp">
			<Option compilerVar="CPP"/>
			<Option target="client"/>
			<Option target="debug"/>
			<Option target="server"/>
			<Option target="data"/>
		</Unit>
		<Unit filename="engine\serverbrowser.cpp">
			<Option compilerVar="CPP"/>
			<Option target="client"/>
			<Option target="debug"/>
			<Option target="data"/>
		</Unit>
		<Unit filename="engine\shader.cpp">
			<Option compilerVar="CPP"/>
			<Option target="client"/>
			<Option target="debug"/>
			<Option target="data"/>
		</Unit>
		<Unit filename="engine\shadowmap.cpp">
			<Option compilerVar="CPP"/>
			<Option target="client"/>
			<Option target="debug"/>
		</Unit>
		<Unit filename="engine\sound.cpp">
			<Option compilerVar="CPP"/>
			<Option target="client"/>
			<Option target="debug"/>
			<Option target="data"/>
		</Unit>
		<Unit filename="engine\texture.cpp">
			<Option compilerVar="CPP"/>
			<Option target="client"/>
			<Option target="debug"/>
			<Option target="data"/>
		</Unit>
		<Unit filename="engine\texture.h">
			<Option compilerVar="CPP"/>
			<Option compile="0"/>
			<Option link="0"/>
			<Option target="data"/>
		</Unit>
		<Unit filename="engine\tristrip.h">
			<Option compilerVar="CPP"/>
			<Option compile="0"/>
			<Option link="0"/>
			<Option target="data"/>
		</Unit>
		<Unit filename="engine\vertmodel.h">
			<Option compilerVar="CPP"/>
			<Option compile="0"/>
			<Option link="0"/>
			<Option target="data"/>
		</Unit>
		<Unit filename="engine\water.cpp">
			<Option compilerVar="CPP"/>
			<Option target="client"/>
			<Option target="debug"/>
			<Option target="data"/>
		</Unit>
		<Unit filename="engine\world.cpp">
			<Option compilerVar="CPP"/>
			<Option target="client"/>
			<Option target="debug"/>
			<Option target="data"/>
		</Unit>
		<Unit filename="engine\world.h">
			<Option compilerVar="CPP"/>
			<Option compile="0"/>
			<Option link="0"/>
			<Option target="data"/>
		</Unit>
		<Unit filename="engine\worldio.cpp">
			<Option compilerVar="CPP"/>
			<Option target="client"/>
			<Option target="debug"/>
			<Option target="data"/>
		</Unit>
		<Unit filename="fpsgame\bot.h">
			<Option compilerVar=""/>
			<Option compile="0"/>
			<Option link="0"/>
			<Option target="client"/>
			<Option target="debug"/>
		</Unit>
		<Unit filename="fpsgame\bot\botai.h">
			<Option compilerVar="CPP"/>
			<Option compile="0"/>
			<Option link="0"/>
			<Option target="data"/>
		</Unit>
		<Unit filename="fpsgame\bot\botent.h">
			<Option compilerVar="CPP"/>
			<Option compile="0"/>
			<Option link="0"/>
			<Option target="data"/>
		</Unit>
		<Unit filename="fpsgame\bot\botmgr.h">
			<Option compilerVar="CPP"/>
			<Option compile="0"/>
			<Option link="0"/>
			<Option target="data"/>
		</Unit>
		<Unit filename="fpsgame\bot\botutl.h">
			<Option compilerVar="CPP"/>
			<Option compile="0"/>
			<Option link="0"/>
			<Option target="data"/>
		</Unit>
		<Unit filename="fpsgame\bot\botway.h">
			<Option compilerVar="CPP"/>
			<Option compile="0"/>
			<Option link="0"/>
			<Option target="data"/>
		</Unit>
		<Unit filename="fpsgame\capture.h">
			<Option compilerVar="CPP"/>
			<Option compile="0"/>
			<Option link="0"/>
			<Option target="data"/>
		</Unit>
		<Unit filename="fpsgame\client.h">
			<Option compilerVar="CPP"/>
			<Option compile="0"/>
			<Option link="0"/>
			<Option target="data"/>
		</Unit>
		<Unit filename="fpsgame\duel.h">
			<Option compilerVar=""/>
			<Option compile="0"/>
			<Option link="0"/>
			<Option target="client"/>
			<Option target="data"/>
		</Unit>
		<Unit filename="fpsgame\entities.h">
			<Option compilerVar="CPP"/>
			<Option compile="0"/>
			<Option link="0"/>
			<Option target="data"/>
		</Unit>
		<Unit filename="fpsgame\fps.cpp">
			<Option compilerVar="CPP"/>
			<Option target="client"/>
			<Option target="debug"/>
			<Option target="server"/>
			<Option target="data"/>
		</Unit>
		<Unit filename="fpsgame\fpsrender.h">
			<Option compilerVar="CPP"/>
			<Option compile="0"/>
			<Option link="0"/>
			<Option target="data"/>
		</Unit>
		<Unit filename="fpsgame\fpsserver.h">
			<Option compilerVar="CPP"/>
			<Option compile="0"/>
			<Option link="0"/>
			<Option target="data"/>
		</Unit>
		<Unit filename="fpsgame\game.h">
			<Option compilerVar="CPP"/>
			<Option compile="0"/>
			<Option link="0"/>
			<Option target="data"/>
		</Unit>
		<Unit filename="fpsgame\physics.h">
			<Option compilerVar=""/>
			<Option compile="0"/>
			<Option link="0"/>
			<Option target="client"/>
			<Option target="debug"/>
		</Unit>
		<Unit filename="fpsgame\scoreboard.h">
			<Option compilerVar="CPP"/>
			<Option compile="0"/>
			<Option link="0"/>
			<Option target="data"/>
		</Unit>
		<Unit filename="fpsgame\weapon.h">
			<Option compilerVar="CPP"/>
			<Option compile="0"/>
			<Option link="0"/>
			<Option target="data"/>
		</Unit>
		<Unit filename="master\cgi.c">
			<Option compilerVar="CPP"/>
			<Option target="master"/>
			<Option target="data"/>
		</Unit>
		<Unit filename="master\cgi.h">
			<Option compilerVar="CPP"/>
			<Option compile="0"/>
			<Option link="0"/>
			<Option target="master"/>
			<Option target="data"/>
		</Unit>
		<Unit filename="master\dbg.c">
			<Option compilerVar="CPP"/>
			<Option target="master"/>
			<Option target="data"/>
		</Unit>
		<Unit filename="master\dbg.h">
			<Option compilerVar="CPP"/>
			<Option compile="0"/>
			<Option link="0"/>
			<Option target="master"/>
			<Option target="data"/>
		</Unit>
		<Unit filename="master\def.h">
			<Option compilerVar="CPP"/>
			<Option compile="0"/>
			<Option link="0"/>
			<Option target="master"/>
			<Option target="data"/>
		</Unit>
		<Unit filename="master\ms.c">
			<Option compilerVar="CPP"/>
			<Option target="master"/>
			<Option target="data"/>
		</Unit>
		<Unit filename="master\utl.c">
			<Option compilerVar="CPP"/>
			<Option target="master"/>
			<Option target="data"/>
		</Unit>
		<Unit filename="master\utl.h">
			<Option compilerVar="CPP"/>
			<Option compile="0"/>
			<Option link="0"/>
			<Option target="master"/>
			<Option target="data"/>
		</Unit>
		<Unit filename="shared\command.h">
			<Option compilerVar="CPP"/>
			<Option compile="0"/>
			<Option link="0"/>
			<Option target="data"/>
		</Unit>
		<Unit filename="shared\cube.h">
			<Option compilerVar="CPP"/>
			<Option compile="0"/>
			<Option link="0"/>
			<Option target="data"/>
		</Unit>
		<Unit filename="shared\ents.h">
			<Option compilerVar="CPP"/>
			<Option compile="0"/>
			<Option link="0"/>
			<Option target="data"/>
		</Unit>
		<Unit filename="shared\geom.cpp">
			<Option compilerVar="CPP"/>
			<Option target="client"/>
			<Option target="debug"/>
			<Option target="data"/>
		</Unit>
		<Unit filename="shared\geom.h">
			<Option compilerVar="CPP"/>
			<Option compile="0"/>
			<Option link="0"/>
			<Option target="data"/>
		</Unit>
		<Unit filename="shared\iengine.h">
			<Option compilerVar="CPP"/>
			<Option compile="0"/>
			<Option link="0"/>
			<Option target="data"/>
		</Unit>
		<Unit filename="shared\igame.h">
			<Option compilerVar="CPP"/>
			<Option compile="0"/>
			<Option link="0"/>
			<Option target="data"/>
		</Unit>
		<Unit filename="shared\minimal.h">
			<Option compilerVar=""/>
			<Option compile="0"/>
			<Option link="0"/>
			<Option target="server"/>
		</Unit>
		<Unit filename="shared\pch.cpp">
			<Option compilerVar="CPP"/>
			<Option target="client"/>
			<Option target="debug"/>
			<Option target="data"/>
		</Unit>
		<Unit filename="shared\pch.h">
			<Option compilerVar="CPP"/>
			<Option compile="0"/>
			<Option link="0"/>
			<Option target="data"/>
		</Unit>
		<Unit filename="shared\tools.cpp">
			<Option compilerVar="CPP"/>
			<Option target="client"/>
			<Option target="debug"/>
			<Option target="server"/>
			<Option target="data"/>
		</Unit>
		<Unit filename="shared\tools.h">
			<Option compilerVar="CPP"/>
			<Option compile="0"/>
			<Option link="0"/>
			<Option target="data"/>
		</Unit>
		<Unit filename="todo.txt">
			<Option compilerVar=""/>
			<Option compile="0"/>
			<Option link="0"/>
			<Option target="data"/>
		</Unit>
	</Project>
</CodeBlocks_project_file>
