<?xml version="1.0" encoding="UTF-8" standalone="yes" ?>
<CodeBlocks_project_file>
	<FileVersion major="1" minor="6" />
	<Project>
		<Option title="bloodfrontier" />
		<Option platforms="Windows;" />
		<Option pch_mode="0" />
		<Option default_target="client" />
		<Option compiler="gcc" />
		<Build>
			<Target title="client">
				<Option output="..\bin\bfclient.exe" prefix_auto="0" extension_auto="0" />
				<Option working_dir="..\" />
				<Option object_output=".objs\client" />
				<Option deps_output=".deps\client" />
				<Option type="1" />
				<Option compiler="gcc" />
				<Option use_console_runner="0" />
				<Option parameters="-hhome -rinit.cfg -du0 -df0 -dw800 -dh400" />
				<Option projectCompilerOptionsRelation="1" />
				<Option projectLinkerOptionsRelation="1" />
				<Option projectIncludeDirsRelation="1" />
				<Option projectResourceIncludeDirsRelation="1" />
				<Option projectLibDirsRelation="1" />
				<Compiler>
					<Add option="-O3" />
					<Add option="-Wall" />
					<Add option="-fsigned-char" />
					<Add option="-fomit-frame-pointer" />
					<Add option="-DINTERFACE" />
					<Add option="-DIRC" />
					<Add directory="shared" />
					<Add directory="engine" />
					<Add directory="game" />
					<Add directory="enet\include" />
					<Add directory="include" />
				</Compiler>
				<Linker>
					<Add option="-s" />
					<Add option="-mwindows" />
					<Add library="mingw32" />
					<Add library="SDLmain" />
					<Add library="SDL" />
					<Add library="SDL_image" />
					<Add library="SDL_mixer" />
					<Add library="z" />
					<Add library="opengl32" />
					<Add library="enet" />
					<Add library="ws2_32" />
					<Add library="winmm" />
					<Add directory="lib\mingw" />
					<Add directory="lib" />
				</Linker>
			</Target>
			<Target title="client-dbg">
				<Option output="..\bin\bfclient.exe" prefix_auto="0" extension_auto="0" />
				<Option working_dir="..\" />
				<Option object_output=".objs\client-dbg" />
				<Option deps_output=".deps\debug" />
				<Option type="1" />
				<Option compiler="gcc" />
				<Option use_console_runner="0" />
				<Option parameters="-hhome -rinit.cfg -du0 -df0 -dw640 -dh480" />
				<Option projectCompilerOptionsRelation="1" />
				<Option projectLinkerOptionsRelation="1" />
				<Option projectIncludeDirsRelation="1" />
				<Option projectResourceIncludeDirsRelation="1" />
				<Option projectLibDirsRelation="1" />
				<Compiler>
					<Add option="-Wall" />
					<Add option="-g" />
					<Add option="-fsigned-char" />
					<Add option="-DINTERFACE" />
					<Add option="-DIRC" />
					<Add directory="shared" />
					<Add directory="engine" />
					<Add directory="game" />
					<Add directory="enet\include" />
					<Add directory="include" />
				</Compiler>
				<Linker>
					<Add option="-mwindows" />
					<Add library="mingw32" />
					<Add library="SDLmain" />
					<Add library="SDL" />
					<Add library="SDL_image" />
					<Add library="SDL_mixer" />
					<Add library="z" />
					<Add library="opengl32" />
					<Add library="enet" />
					<Add library="ws2_32" />
					<Add library="winmm" />
					<Add directory="lib\mingw" />
					<Add directory="lib" />
				</Linker>
			</Target>
			<Target title="client-prof">
				<Option output="..\bin\bfclient.exe" prefix_auto="0" extension_auto="0" />
				<Option working_dir="..\" />
				<Option object_output=".objs\client-prof" />
				<Option deps_output=".deps\debug" />
				<Option type="1" />
				<Option compiler="gcc" />
				<Option use_console_runner="0" />
				<Option parameters="-hhome -rinit.cfg -du0 -df0 -dw640 -dh480" />
				<Option projectCompilerOptionsRelation="1" />
				<Option projectLinkerOptionsRelation="1" />
				<Option projectIncludeDirsRelation="1" />
				<Option projectResourceIncludeDirsRelation="1" />
				<Option projectLibDirsRelation="1" />
				<Compiler>
					<Add option="-Wall" />
					<Add option="-pg" />
					<Add option="-fsigned-char" />
					<Add option="-finline-functions" />
					<Add option="-DINTERFACE" />
					<Add option="-DIRC" />
					<Add directory="shared" />
					<Add directory="engine" />
					<Add directory="game" />
					<Add directory="enet\include" />
					<Add directory="include" />
				</Compiler>
				<Linker>
					<Add option="-pg -lgmon" />
					<Add option="-mwindows" />
					<Add library="mingw32" />
					<Add library="SDLmain" />
					<Add library="SDL" />
					<Add library="SDL_image" />
					<Add library="SDL_mixer" />
					<Add library="z" />
					<Add library="opengl32" />
					<Add library="enet" />
					<Add library="ws2_32" />
					<Add library="winmm" />
					<Add directory="lib\mingw" />
					<Add directory="lib" />
				</Linker>
			</Target>
			<Target title="server">
				<Option output="..\bin\bfserver.exe" prefix_auto="0" extension_auto="0" />
				<Option working_dir="..\" />
				<Option object_output=".objs\server" />
				<Option deps_output=".deps\server" />
				<Option type="1" />
				<Option compiler="gcc" />
				<Option use_console_runner="0" />
				<Option projectCompilerOptionsRelation="1" />
				<Option projectLinkerOptionsRelation="1" />
				<Option projectIncludeDirsRelation="1" />
				<Option projectResourceIncludeDirsRelation="1" />
				<Option projectLibDirsRelation="1" />
				<Compiler>
					<Add option="-O3" />
					<Add option="-Wall" />
					<Add option="-fsigned-char" />
					<Add option="-fomit-frame-pointer" />
					<Add option="-DSTANDALONE" />
					<Add option="-DMASTERSERVER" />
					<Add option="-DIRC" />
					<Add directory="shared" />
					<Add directory="engine" />
					<Add directory="game" />
					<Add directory="enet\include" />
					<Add directory="include" />
				</Compiler>
				<Linker>
					<Add option="-s" />
					<Add library="z" />
					<Add library="enet" />
					<Add library="ws2_32" />
					<Add library="winmm" />
					<Add directory="lib\mingw" />
					<Add directory="lib" />
				</Linker>
			</Target>
			<Target title="server-dbg">
				<Option output="..\bin\bfserver.exe" prefix_auto="0" extension_auto="0" />
				<Option working_dir="..\" />
				<Option object_output=".objs\server" />
				<Option deps_output=".deps\server" />
				<Option type="1" />
				<Option compiler="gcc" />
				<Option use_console_runner="0" />
				<Option projectCompilerOptionsRelation="1" />
				<Option projectLinkerOptionsRelation="1" />
				<Option projectIncludeDirsRelation="1" />
				<Option projectResourceIncludeDirsRelation="1" />
				<Option projectLibDirsRelation="1" />
				<Compiler>
					<Add option="-Wall" />
					<Add option="-g" />
					<Add option="-fsigned-char" />
					<Add option="-fomit-frame-pointer" />
					<Add option="-DSTANDALONE" />
					<Add option="-DMASTERSERVER" />
					<Add option="-DIRC" />
					<Add directory="shared" />
					<Add directory="engine" />
					<Add directory="game" />
					<Add directory="enet\include" />
					<Add directory="include" />
				</Compiler>
				<Linker>
					<Add library="z" />
					<Add library="enet" />
					<Add library="ws2_32" />
					<Add library="winmm" />
					<Add directory="lib\mingw" />
					<Add directory="lib" />
				</Linker>
			</Target>
			<Target title="data">
				<Option output="." prefix_auto="0" extension_auto="0" />
				<Option type="1" />
				<Option compiler="gcc" />
				<Option use_console_runner="0" />
				<Option projectResourceIncludeDirsRelation="1" />
				<Compiler>
					<Add option="-fsigned-char" />
					<Add option="-fomit-frame-pointer" />
				</Compiler>
			</Target>
			<Target title="genkey">
				<Option output="..\bin\bfgenkey.exe" prefix_auto="0" extension_auto="0" />
				<Option working_dir="..\" />
				<Option object_output=".objs\genkey" />
				<Option deps_output=".deps\server" />
				<Option type="1" />
				<Option compiler="gcc" />
				<Option use_console_runner="0" />
				<Option projectCompilerOptionsRelation="1" />
				<Option projectLinkerOptionsRelation="1" />
				<Option projectIncludeDirsRelation="1" />
				<Option projectResourceIncludeDirsRelation="1" />
				<Option projectLibDirsRelation="1" />
				<Compiler>
					<Add option="-O3" />
					<Add option="-Wall" />
					<Add option="-fsigned-char" />
					<Add option="-fomit-frame-pointer" />
					<Add option="-DSTANDALONE" />
					<Add option="-DGENKEY" />
					<Add directory="shared" />
					<Add directory="engine" />
					<Add directory="game" />
					<Add directory="enet\include" />
					<Add directory="include" />
				</Compiler>
				<Linker>
					<Add option="-s" />
					<Add library="z" />
					<Add directory="lib\mingw" />
					<Add directory="lib" />
				</Linker>
			</Target>
		</Build>
		<VirtualTargets>
			<Add alias="All" targets="client;server;" />
		</VirtualTargets>
		<Unit filename="bloodfrontier.rc">
			<Option compilerVar="WINDRES" />
			<Option target="client" />
			<Option target="client-dbg" />
			<Option target="server" />
			<Option target="genkey" />
			<Option target="client-prof" />
			<Option target="server-dbg" />
		</Unit>
		<Unit filename="engine\animmodel.h">
			<Option target="client" />
			<Option target="client-dbg" />
			<Option target="client-prof" />
		</Unit>
		<Unit filename="engine\bih.cpp">
			<Option target="client" />
			<Option target="client-dbg" />
			<Option target="data" />
			<Option target="client-prof" />
		</Unit>
		<Unit filename="engine\bih.h">
			<Option target="data" />
			<Option target="client" />
			<Option target="client-dbg" />
			<Option target="client-prof" />
		</Unit>
		<Unit filename="engine\blend.cpp">
			<Option target="client" />
			<Option target="client-dbg" />
			<Option target="data" />
			<Option target="client-prof" />
		</Unit>
		<Unit filename="engine\blob.cpp">
			<Option target="client" />
			<Option target="client-dbg" />
			<Option target="data" />
			<Option target="client-prof" />
		</Unit>
		<Unit filename="engine\client.cpp">
			<Option target="client" />
			<Option target="client-dbg" />
			<Option target="data" />
			<Option target="client-prof" />
		</Unit>
		<Unit filename="engine\command.cpp">
			<Option target="client" />
			<Option target="client-dbg" />
			<Option target="server" />
			<Option target="client-prof" />
			<Option target="server-dbg" />
		</Unit>
		<Unit filename="engine\console.cpp">
			<Option target="client" />
			<Option target="client-dbg" />
			<Option target="data" />
			<Option target="client-prof" />
		</Unit>
		<Unit filename="engine\decal.cpp">
			<Option target="client" />
			<Option target="client-dbg" />
			<Option target="client-prof" />
		</Unit>
		<Unit filename="engine\dynlight.cpp">
			<Option target="client" />
			<Option target="client-dbg" />
			<Option target="client-prof" />
		</Unit>
		<Unit filename="engine\engine.h">
			<Option target="data" />
			<Option target="client" />
			<Option target="client-dbg" />
			<Option target="client-prof" />
		</Unit>
		<Unit filename="engine\explosion.h">
			<Option target="client" />
			<Option target="client-dbg" />
			<Option target="client-prof" />
		</Unit>
		<Unit filename="engine\genkey.cpp">
			<Option target="genkey" />
		</Unit>
		<Unit filename="engine\glare.cpp">
			<Option target="client" />
			<Option target="client-dbg" />
			<Option target="client-prof" />
		</Unit>
		<Unit filename="engine\grass.cpp">
			<Option target="client" />
			<Option target="client-dbg" />
			<Option target="client-prof" />
		</Unit>
		<Unit filename="engine\irc.cpp">
			<Option target="client" />
			<Option target="client-dbg" />
			<Option target="server" />
			<Option target="client-prof" />
			<Option target="server-dbg" />
		</Unit>
		<Unit filename="engine\irc.h">
			<Option target="client" />
			<Option target="client-dbg" />
			<Option target="server" />
			<Option target="client-prof" />
			<Option target="server-dbg" />
		</Unit>
		<Unit filename="engine\lensflare.h">
			<Option target="client" />
			<Option target="client-dbg" />
			<Option target="client-prof" />
		</Unit>
		<Unit filename="engine\lightmap.cpp">
			<Option target="client" />
			<Option target="client-dbg" />
			<Option target="data" />
			<Option target="client-prof" />
		</Unit>
		<Unit filename="engine\lightmap.h">
			<Option target="data" />
			<Option target="client" />
			<Option target="client-dbg" />
			<Option target="client-prof" />
		</Unit>
		<Unit filename="engine\lightning.h">
			<Option target="client" />
			<Option target="client-dbg" />
			<Option target="client-prof" />
		</Unit>
		<Unit filename="engine\main.cpp">
			<Option target="client" />
			<Option target="client-dbg" />
			<Option target="data" />
			<Option target="client-prof" />
		</Unit>
		<Unit filename="engine\master.cpp">
			<Option target="server" />
			<Option target="server-dbg" />
		</Unit>
		<Unit filename="engine\material.cpp">
			<Option target="client" />
			<Option target="client-dbg" />
			<Option target="data" />
			<Option target="client-prof" />
		</Unit>
		<Unit filename="engine\md2.h">
			<Option target="data" />
			<Option target="client" />
			<Option target="client-dbg" />
			<Option target="client-prof" />
		</Unit>
		<Unit filename="engine\md3.h">
			<Option target="data" />
			<Option target="client" />
			<Option target="client-dbg" />
			<Option target="client-prof" />
		</Unit>
		<Unit filename="engine\md5.h">
			<Option target="client" />
			<Option target="client-dbg" />
			<Option target="client-prof" />
		</Unit>
		<Unit filename="engine\menus.cpp">
			<Option target="client" />
			<Option target="client-dbg" />
			<Option target="data" />
			<Option target="client-prof" />
		</Unit>
		<Unit filename="engine\model.h">
			<Option target="data" />
			<Option target="client" />
			<Option target="client-dbg" />
			<Option target="client-prof" />
		</Unit>
		<Unit filename="engine\normal.cpp">
			<Option target="client" />
			<Option target="client-dbg" />
			<Option target="data" />
			<Option target="client-prof" />
		</Unit>
		<Unit filename="engine\octa.cpp">
			<Option target="client" />
			<Option target="client-dbg" />
			<Option target="data" />
			<Option target="client-prof" />
		</Unit>
		<Unit filename="engine\octa.h">
			<Option target="data" />
			<Option target="client" />
			<Option target="client-dbg" />
			<Option target="client-prof" />
		</Unit>
		<Unit filename="engine\octaedit.cpp">
			<Option target="client" />
			<Option target="client-dbg" />
			<Option target="data" />
			<Option target="client-prof" />
		</Unit>
		<Unit filename="engine\octarender.cpp">
			<Option target="client" />
			<Option target="client-dbg" />
			<Option target="data" />
			<Option target="client-prof" />
		</Unit>
		<Unit filename="engine\physics.cpp">
			<Option target="client" />
			<Option target="client-dbg" />
			<Option target="data" />
			<Option target="client-prof" />
		</Unit>
		<Unit filename="engine\pvs.cpp">
			<Option target="client" />
			<Option target="client-dbg" />
			<Option target="client-prof" />
		</Unit>
		<Unit filename="engine\ragdoll.h">
			<Option target="client" />
			<Option target="client-dbg" />
			<Option target="client-prof" />
		</Unit>
		<Unit filename="engine\rendergl.cpp">
			<Option target="client" />
			<Option target="client-dbg" />
			<Option target="data" />
			<Option target="client-prof" />
		</Unit>
		<Unit filename="engine\rendermodel.cpp">
			<Option target="client" />
			<Option target="client-dbg" />
			<Option target="data" />
			<Option target="client-prof" />
		</Unit>
		<Unit filename="engine\renderparticles.cpp">
			<Option target="client" />
			<Option target="client-dbg" />
			<Option target="data" />
			<Option target="client-prof" />
		</Unit>
		<Unit filename="engine\rendersky.cpp">
			<Option target="client" />
			<Option target="client-dbg" />
			<Option target="data" />
			<Option target="client-prof" />
		</Unit>
		<Unit filename="engine\rendertarget.h">
			<Option target="client" />
			<Option target="client-dbg" />
			<Option target="client-prof" />
		</Unit>
		<Unit filename="engine\rendertext.cpp">
			<Option target="client" />
			<Option target="client-dbg" />
			<Option target="data" />
			<Option target="client-prof" />
		</Unit>
		<Unit filename="engine\renderva.cpp">
			<Option target="client" />
			<Option target="client-dbg" />
			<Option target="data" />
			<Option target="client-prof" />
		</Unit>
		<Unit filename="engine\server.cpp">
			<Option target="client" />
			<Option target="client-dbg" />
			<Option target="server" />
			<Option target="data" />
			<Option target="client-prof" />
			<Option target="server-dbg" />
		</Unit>
		<Unit filename="engine\serverbrowser.cpp">
			<Option target="client" />
			<Option target="client-dbg" />
			<Option target="data" />
			<Option target="client-prof" />
		</Unit>
		<Unit filename="engine\shader.cpp">
			<Option target="client" />
			<Option target="client-dbg" />
			<Option target="data" />
			<Option target="client-prof" />
		</Unit>
		<Unit filename="engine\shadowmap.cpp">
			<Option target="client" />
			<Option target="client-dbg" />
			<Option target="client-prof" />
		</Unit>
		<Unit filename="engine\skelmodel.h">
			<Option target="client" />
			<Option target="client-dbg" />
			<Option target="client-prof" />
		</Unit>
		<Unit filename="engine\sound.cpp">
			<Option target="client" />
			<Option target="client-dbg" />
			<Option target="data" />
			<Option target="client-prof" />
		</Unit>
		<Unit filename="engine\sound.h">
			<Option target="client" />
			<Option target="client-dbg" />
			<Option target="client-prof" />
		</Unit>
		<Unit filename="engine\textedit.h">
			<Option target="client" />
			<Option target="client-dbg" />
			<Option target="client-prof" />
		</Unit>
		<Unit filename="engine\texture.cpp">
			<Option target="client" />
			<Option target="client-dbg" />
			<Option target="data" />
			<Option target="client-prof" />
		</Unit>
		<Unit filename="engine\texture.h">
			<Option target="data" />
			<Option target="client" />
			<Option target="client-dbg" />
			<Option target="client-prof" />
		</Unit>
		<Unit filename="engine\ui.cpp">
			<Option target="client" />
			<Option target="client-dbg" />
			<Option target="data" />
			<Option target="client-prof" />
		</Unit>
		<Unit filename="engine\vertmodel.h">
			<Option target="data" />
			<Option target="client" />
			<Option target="client-dbg" />
			<Option target="client-prof" />
		</Unit>
		<Unit filename="engine\water.cpp">
			<Option target="client" />
			<Option target="client-dbg" />
			<Option target="data" />
			<Option target="client-prof" />
		</Unit>
		<Unit filename="engine\world.cpp">
			<Option target="client" />
			<Option target="client-dbg" />
			<Option target="data" />
			<Option target="client-prof" />
		</Unit>
		<Unit filename="engine\world.h">
			<Option target="data" />
			<Option target="client" />
			<Option target="client-dbg" />
			<Option target="client-prof" />
		</Unit>
		<Unit filename="engine\worldio.cpp">
			<Option target="client" />
			<Option target="client-dbg" />
			<Option target="data" />
			<Option target="client-prof" />
		</Unit>
		<Unit filename="game\ai.cpp">
			<Option target="client" />
			<Option target="client-dbg" />
			<Option target="client-prof" />
		</Unit>
		<Unit filename="game\aiman.h">
			<Option target="client" />
			<Option target="client-dbg" />
			<Option target="server" />
			<Option target="client-prof" />
			<Option target="server-dbg" />
		</Unit>
		<Unit filename="game\auth.h">
			<Option target="client" />
			<Option target="client-dbg" />
			<Option target="server" />
			<Option target="client-prof" />
			<Option target="server-dbg" />
		</Unit>
		<Unit filename="game\client.cpp">
			<Option target="client" />
			<Option target="client-dbg" />
			<Option target="client-prof" />
		</Unit>
		<Unit filename="game\ctf.cpp">
			<Option target="client" />
			<Option target="client-dbg" />
			<Option target="client-prof" />
		</Unit>
		<Unit filename="game\ctf.h">
			<Option target="client" />
			<Option target="client-dbg" />
			<Option target="server" />
			<Option target="client-prof" />
			<Option target="server-dbg" />
		</Unit>
		<Unit filename="game\ctfmode.h">
			<Option target="client" />
			<Option target="client-dbg" />
			<Option target="server" />
			<Option target="client-prof" />
			<Option target="server-dbg" />
		</Unit>
		<Unit filename="game\duelmut.h">
			<Option target="client" />
			<Option target="client-dbg" />
			<Option target="server" />
			<Option target="client-prof" />
			<Option target="server-dbg" />
		</Unit>
		<Unit filename="game\entities.cpp">
			<Option target="client" />
			<Option target="client-dbg" />
			<Option target="client-prof" />
		</Unit>
		<Unit filename="game\extinfo.h">
			<Option target="client" />
			<Option target="client-dbg" />
			<Option target="server" />
			<Option target="client-prof" />
			<Option target="server-dbg" />
		</Unit>
		<Unit filename="game\game.h">
			<Option target="client" />
			<Option target="client-dbg" />
			<Option target="server" />
			<Option target="client-prof" />
			<Option target="server-dbg" />
		</Unit>
		<Unit filename="game\hud.cpp">
			<Option target="client" />
			<Option target="client-dbg" />
			<Option target="client-prof" />
		</Unit>
		<Unit filename="game\physics.cpp">
			<Option target="client" />
			<Option target="client-dbg" />
			<Option target="client-prof" />
		</Unit>
		<Unit filename="game\projs.cpp">
			<Option target="client" />
			<Option target="client-dbg" />
			<Option target="client-prof" />
		</Unit>
		<Unit filename="game\scoreboard.h">
			<Option target="client" />
			<Option target="client-dbg" />
			<Option target="client-prof" />
		</Unit>
		<Unit filename="game\server.cpp">
			<Option target="client" />
			<Option target="client-dbg" />
			<Option target="server" />
			<Option target="client-prof" />
			<Option target="server-dbg" />
		</Unit>
		<Unit filename="game\stf.cpp">
			<Option target="client" />
			<Option target="client-dbg" />
			<Option target="client-prof" />
		</Unit>
		<Unit filename="game\stf.h">
			<Option target="client" />
			<Option target="client-dbg" />
			<Option target="server" />
			<Option target="client-prof" />
			<Option target="server-dbg" />
		</Unit>
		<Unit filename="game\stfmode.h">
			<Option target="client" />
			<Option target="client-dbg" />
			<Option target="server" />
			<Option target="client-prof" />
			<Option target="server-dbg" />
		</Unit>
		<Unit filename="game\vars.h">
			<Option target="client" />
			<Option target="client-dbg" />
			<Option target="server" />
			<Option target="client-prof" />
			<Option target="server-dbg" />
		</Unit>
		<Unit filename="game\weapons.cpp">
			<Option target="client" />
			<Option target="client-dbg" />
			<Option target="client-prof" />
		</Unit>
		<Unit filename="game\world.cpp">
			<Option target="client" />
			<Option target="client-dbg" />
			<Option target="client-prof" />
		</Unit>
		<Unit filename="include\GL\glext.h">
			<Option target="client" />
			<Option target="client-dbg" />
			<Option target="client-prof" />
		</Unit>
		<Unit filename="include\SDL.h">
			<Option target="client" />
			<Option target="client-dbg" />
			<Option target="client-prof" />
		</Unit>
		<Unit filename="include\SDL_active.h">
			<Option target="client" />
			<Option target="client-dbg" />
			<Option target="client-prof" />
		</Unit>
		<Unit filename="include\SDL_audio.h">
			<Option target="client" />
			<Option target="client-dbg" />
			<Option target="client-prof" />
		</Unit>
		<Unit filename="include\SDL_byteorder.h">
			<Option target="client" />
			<Option target="client-dbg" />
			<Option target="client-prof" />
		</Unit>
		<Unit filename="include\SDL_cdrom.h">
			<Option target="client" />
			<Option target="client-dbg" />
			<Option target="client-prof" />
		</Unit>
		<Unit filename="include\SDL_config.h">
			<Option target="client" />
			<Option target="client-dbg" />
			<Option target="client-prof" />
		</Unit>
		<Unit filename="include\SDL_config_macosx.h">
			<Option target="client" />
			<Option target="client-dbg" />
			<Option target="client-prof" />
		</Unit>
		<Unit filename="include\SDL_config_win32.h">
			<Option target="client" />
			<Option target="client-dbg" />
			<Option target="client-prof" />
		</Unit>
		<Unit filename="include\SDL_copying.h">
			<Option target="client" />
			<Option target="client-dbg" />
			<Option target="client-prof" />
		</Unit>
		<Unit filename="include\SDL_cpuinfo.h">
			<Option target="client" />
			<Option target="client-dbg" />
			<Option target="client-prof" />
		</Unit>
		<Unit filename="include\SDL_endian.h">
			<Option target="client" />
			<Option target="client-dbg" />
			<Option target="client-prof" />
		</Unit>
		<Unit filename="include\SDL_error.h">
			<Option target="client" />
			<Option target="client-dbg" />
			<Option target="client-prof" />
		</Unit>
		<Unit filename="include\SDL_events.h">
			<Option target="client" />
			<Option target="client-dbg" />
			<Option target="client-prof" />
		</Unit>
		<Unit filename="include\SDL_getenv.h">
			<Option target="client" />
			<Option target="client-dbg" />
			<Option target="client-prof" />
		</Unit>
		<Unit filename="include\SDL_image.h">
			<Option target="client" />
			<Option target="client-dbg" />
			<Option target="client-prof" />
		</Unit>
		<Unit filename="include\SDL_joystick.h">
			<Option target="client" />
			<Option target="client-dbg" />
			<Option target="client-prof" />
		</Unit>
		<Unit filename="include\SDL_keyboard.h">
			<Option target="client" />
			<Option target="client-dbg" />
			<Option target="client-prof" />
		</Unit>
		<Unit filename="include\SDL_keysym.h">
			<Option target="client" />
			<Option target="client-dbg" />
			<Option target="client-prof" />
		</Unit>
		<Unit filename="include\SDL_loadso.h">
			<Option target="client" />
			<Option target="client-dbg" />
			<Option target="client-prof" />
		</Unit>
		<Unit filename="include\SDL_main.h">
			<Option target="client" />
			<Option target="client-dbg" />
			<Option target="client-prof" />
		</Unit>
		<Unit filename="include\SDL_mixer.h">
			<Option target="client" />
			<Option target="client-dbg" />
			<Option target="client-prof" />
		</Unit>
		<Unit filename="include\SDL_mouse.h">
			<Option target="client" />
			<Option target="client-dbg" />
			<Option target="client-prof" />
		</Unit>
		<Unit filename="include\SDL_mutex.h">
			<Option target="client" />
			<Option target="client-dbg" />
			<Option target="client-prof" />
		</Unit>
		<Unit filename="include\SDL_name.h">
			<Option target="client" />
			<Option target="client-dbg" />
			<Option target="client-prof" />
		</Unit>
		<Unit filename="include\SDL_opengl.h">
			<Option target="client" />
			<Option target="client-dbg" />
			<Option target="client-prof" />
		</Unit>
		<Unit filename="include\SDL_platform.h">
			<Option target="client" />
			<Option target="client-dbg" />
			<Option target="client-prof" />
		</Unit>
		<Unit filename="include\SDL_quit.h">
			<Option target="client" />
			<Option target="client-dbg" />
			<Option target="client-prof" />
		</Unit>
		<Unit filename="include\SDL_rwops.h">
			<Option target="client" />
			<Option target="client-dbg" />
			<Option target="client-prof" />
		</Unit>
		<Unit filename="include\SDL_stdinc.h">
			<Option target="client" />
			<Option target="client-dbg" />
			<Option target="client-prof" />
		</Unit>
		<Unit filename="include\SDL_syswm.h">
			<Option target="client" />
			<Option target="client-dbg" />
			<Option target="client-prof" />
		</Unit>
		<Unit filename="include\SDL_thread.h">
			<Option target="client" />
			<Option target="client-dbg" />
			<Option target="client-prof" />
		</Unit>
		<Unit filename="include\SDL_timer.h">
			<Option target="client" />
			<Option target="client-dbg" />
			<Option target="client-prof" />
		</Unit>
		<Unit filename="include\SDL_types.h">
			<Option target="client" />
			<Option target="client-dbg" />
			<Option target="client-prof" />
		</Unit>
		<Unit filename="include\SDL_version.h">
			<Option target="client" />
			<Option target="client-dbg" />
			<Option target="client-prof" />
		</Unit>
		<Unit filename="include\SDL_video.h">
			<Option target="client" />
			<Option target="client-dbg" />
			<Option target="client-prof" />
		</Unit>
		<Unit filename="include\begin_code.h">
			<Option target="client" />
			<Option target="client-dbg" />
			<Option target="client-prof" />
		</Unit>
		<Unit filename="include\close_code.h">
			<Option target="client" />
			<Option target="client-dbg" />
			<Option target="client-prof" />
		</Unit>
		<Unit filename="include\wincompat.h">
			<Option target="client" />
			<Option target="client-dbg" />
			<Option target="client-prof" />
		</Unit>
		<Unit filename="include\zconf.h">
			<Option target="client" />
			<Option target="client-dbg" />
			<Option target="client-prof" />
		</Unit>
		<Unit filename="include\zlib.h">
			<Option target="client" />
			<Option target="client-dbg" />
			<Option target="client-prof" />
		</Unit>
		<Unit filename="shared\command.h">
			<Option target="client" />
			<Option target="client-dbg" />
			<Option target="server" />
			<Option target="genkey" />
			<Option target="client-prof" />
			<Option target="server-dbg" />
		</Unit>
		<Unit filename="shared\crypto.h">
			<Option target="client" />
			<Option target="client-dbg" />
			<Option target="server" />
			<Option target="genkey" />
			<Option target="client-prof" />
			<Option target="server-dbg" />
		</Unit>
		<Unit filename="shared\cube.h">
			<Option compile="1" />
			<Option weight="0" />
			<Option target="client" />
			<Option target="client-dbg" />
			<Option target="client-prof" />
			<Option target="data" />
		</Unit>
		<Unit filename="shared\ents.h">
			<Option target="data" />
			<Option target="client" />
			<Option target="client-dbg" />
			<Option target="client-prof" />
		</Unit>
		<Unit filename="shared\geom.cpp">
			<Option target="client" />
			<Option target="client-dbg" />
			<Option target="data" />
			<Option target="client-prof" />
		</Unit>
		<Unit filename="shared\geom.h">
			<Option target="data" />
			<Option target="client" />
			<Option target="client-dbg" />
			<Option target="client-prof" />
		</Unit>
		<Unit filename="shared\hash.cpp">
			<Option target="client" />
			<Option target="client-dbg" />
			<Option target="server" />
			<Option target="genkey" />
			<Option target="client-prof" />
			<Option target="server-dbg" />
		</Unit>
		<Unit filename="shared\hash.h">
			<Option target="client" />
			<Option target="client-dbg" />
			<Option target="server" />
			<Option target="genkey" />
			<Option target="client-prof" />
			<Option target="server-dbg" />
		</Unit>
		<Unit filename="shared\iengine.h">
			<Option target="data" />
			<Option target="client" />
			<Option target="client-dbg" />
			<Option target="client-prof" />
		</Unit>
		<Unit filename="shared\igame.h">
			<Option target="data" />
			<Option target="client" />
			<Option target="client-dbg" />
			<Option target="client-prof" />
		</Unit>
		<Unit filename="shared\pch.cpp">
			<Option target="client" />
			<Option target="client-dbg" />
			<Option target="data" />
			<Option target="client-prof" />
		</Unit>
		<Unit filename="shared\tools.cpp">
			<Option target="client" />
			<Option target="client-dbg" />
			<Option target="server" />
			<Option target="genkey" />
			<Option target="client-prof" />
			<Option target="server-dbg" />
		</Unit>
		<Unit filename="shared\tools.h" />
		<Extensions>
			<code_completion />
			<envvars />
			<debugger />
		</Extensions>
	</Project>
</CodeBlocks_project_file>
